
Microsoft Visual Studio Solution File, Format Version 12.00
# Visual Studio Version 17
VisualStudioVersion = 17.11.35303.130
MinimumVisualStudioVersion = 10.0.40219.1
Project("{2150E333-8FDC-42A3-9474-1A3956D46DE8}") = "FourZeroOne", "FourZeroOne", "{E465DB55-FABB-4833-A0AF-51B4181EAEB6}"
EndProject
Project("{2150E333-8FDC-42A3-9474-1A3956D46DE8}") = "SixLib", "SixLib", "{D954A262-C604-4CF5-A3CF-725B55486517}"
EndProject
Project("{2150E333-8FDC-42A3-9474-1A3956D46DE8}") = "DeTes", "DeTes", "{F27B9C6A-49FF-46B6-BEF5-5D94BC93C614}"
EndProject
Project("{2150E333-8FDC-42A3-9474-1A3956D46DE8}") = "[lib]", "[lib]", "{355A38D6-281F-4211-B9CF-349FFA47F488}"
EndProject
Project("{2150E333-8FDC-42A3-9474-1A3956D46DE8}") = "[external sim]", "[external sim]", "{6E053241-4627-4E92-9A95-A356AF73AB06}"
EndProject
Project("{2150E333-8FDC-42A3-9474-1A3956D46DE8}") = "[axois]", "[axois]", "{7EF4BA3A-6F38-418A-A7AF-0BC612C8E5A9}"
EndProject
Project("{FAE04EC0-301F-11D3-BF4B-00C04F79EFBC}") = "SixShaded.Zerox", "src\SixShaded.Zerox\SixShaded.Zerox.csproj", "{B2BA3E86-65FE-486C-8911-AA28E4519F41}"
EndProject
Project("{FAE04EC0-301F-11D3-BF4B-00C04F79EFBC}") = "SixShaded.NotRust", "src\SixShaded.NotRust\SixShaded.NotRust.csproj", "{2CD65DB9-FAA3-4864-BA99-DBAAE43350FE}"
EndProject
Project("{FAE04EC0-301F-11D3-BF4B-00C04F79EFBC}") = "SixShaded.SixLib.ControlledFlows", "lib\SixShaded.SixLib.ControlledFlows\SixShaded.SixLib.ControlledFlows.csproj", "{ADB1728F-0D7A-470F-A829-C93FB02293F6}"
EndProject
Project("{FAE04EC0-301F-11D3-BF4B-00C04F79EFBC}") = "SixShaded.SixLib.GFunc", "lib\SixShaded.SixLib.GFunc\SixShaded.SixLib.GFunc.csproj", "{6C5DDF63-5081-46D4-9772-AA0033195076}"
EndProject
Project("{FAE04EC0-301F-11D3-BF4B-00C04F79EFBC}") = "SixShaded.SixLib.ICEE", "lib\SixShaded.SixLib.ICEE\SixShaded.SixLib.ICEE.csproj", "{5F545A80-303E-4E5F-AAC8-21FD93D44E5E}"
EndProject
Project("{FAE04EC0-301F-11D3-BF4B-00C04F79EFBC}") = "SixShaded.SixLib.ICEE.FZO", "lib\SixShaded.SixLib.ICEE.FZO\SixShaded.SixLib.ICEE.FZO.csproj", "{3015E51E-DC17-4FA6-B8F4-75C1524A765F}"
EndProject
Project("{FAE04EC0-301F-11D3-BF4B-00C04F79EFBC}") = "SixShaded.CatGlance", "src\SixShaded.CatGlance\SixShaded.CatGlance.csproj", "{FD834A15-DBC9-4EFC-9F6B-E5A122E169D0}"
EndProject
Project("{FAE04EC0-301F-11D3-BF4B-00C04F79EFBC}") = "SixShaded.DeTes", "src\SixShaded.DeTes\SixShaded.DeTes.csproj", "{FA242DD6-71C2-4EF3-9A45-A34115527A5C}"
EndProject
Project("{FAE04EC0-301F-11D3-BF4B-00C04F79EFBC}") = "SixShaded.DeTesAssertIntegrity", "src\SixShaded.DeTesAssertIntegrity\SixShaded.DeTesAssertIntegrity.csproj", "{1CB560DB-758B-4877-9A5C-6D1FD2B6780B}"
EndProject
Project("{FAE04EC0-301F-11D3-BF4B-00C04F79EFBC}") = "SixShaded.FourZeroOne", "src\SixShaded.FourZeroOne\SixShaded.FourZeroOne.csproj", "{5EF9F277-73DD-443B-96CA-6ACACDA9DF41}"
EndProject
Project("{FAE04EC0-301F-11D3-BF4B-00C04F79EFBC}") = "SixShaded.MinimaFZO", "src\SixShaded.MinimaFZO\SixShaded.MinimaFZO.csproj", "{7D970FAC-564D-4024-8225-46FDB7C602F0}"
EndProject
Project("{FAE04EC0-301F-11D3-BF4B-00C04F79EFBC}") = "SixShaded.FourZeroOne.Core.AxoiTest", "test\axoi\SixShaded.FourZeroOne.Core.AxoiTest\SixShaded.FourZeroOne.Core.AxoiTest.csproj", "{11456EC1-29AE-4E16-9C88-B55CD021A293}"
EndProject
Project("{2150E333-8FDC-42A3-9474-1A3956D46DE8}") = "TESTS", "TESTS", "{715F1525-5AB6-4F44-B2BC-A928B73AA373}"
EndProject
Project("{2150E333-8FDC-42A3-9474-1A3956D46DE8}") = "AXOI", "AXOI", "{1C7B3712-2E33-46F6-BB08-3F36D3BFAE1C}"
EndProject
Project("{FAE04EC0-301F-11D3-BF4B-00C04F79EFBC}") = "SixShaded.VeiledOhOne", "src\SixShaded.VeiledOhOne\SixShaded.VeiledOhOne.csproj", "{13A4B4B4-AED5-4E5E-A619-22B7668A7FC6}"
EndProject
Project("{FAE04EC0-301F-11D3-BF4B-00C04F79EFBC}") = "SixShaded.FourZeroOne.Axois.Infinite", "SixShaded.FourZeroOne.Axois.Infinite\SixShaded.FourZeroOne.Axois.Infinite.csproj", "{3B75C1D0-EEE9-4D7E-885C-560999D60071}"
EndProject
Global
	GlobalSection(SolutionConfigurationPlatforms) = preSolution
		Debug|Any CPU = Debug|Any CPU
		Release|Any CPU = Release|Any CPU
	EndGlobalSection
	GlobalSection(ProjectConfigurationPlatforms) = postSolution
		{B2BA3E86-65FE-486C-8911-AA28E4519F41}.Debug|Any CPU.ActiveCfg = Debug|Any CPU
		{B2BA3E86-65FE-486C-8911-AA28E4519F41}.Debug|Any CPU.Build.0 = Debug|Any CPU
		{B2BA3E86-65FE-486C-8911-AA28E4519F41}.Release|Any CPU.ActiveCfg = Release|Any CPU
		{B2BA3E86-65FE-486C-8911-AA28E4519F41}.Release|Any CPU.Build.0 = Release|Any CPU
		{2CD65DB9-FAA3-4864-BA99-DBAAE43350FE}.Debug|Any CPU.ActiveCfg = Debug|Any CPU
		{2CD65DB9-FAA3-4864-BA99-DBAAE43350FE}.Debug|Any CPU.Build.0 = Debug|Any CPU
		{2CD65DB9-FAA3-4864-BA99-DBAAE43350FE}.Release|Any CPU.ActiveCfg = Release|Any CPU
		{2CD65DB9-FAA3-4864-BA99-DBAAE43350FE}.Release|Any CPU.Build.0 = Release|Any CPU
		{ADB1728F-0D7A-470F-A829-C93FB02293F6}.Debug|Any CPU.ActiveCfg = Debug|Any CPU
		{ADB1728F-0D7A-470F-A829-C93FB02293F6}.Debug|Any CPU.Build.0 = Debug|Any CPU
		{ADB1728F-0D7A-470F-A829-C93FB02293F6}.Release|Any CPU.ActiveCfg = Release|Any CPU
		{ADB1728F-0D7A-470F-A829-C93FB02293F6}.Release|Any CPU.Build.0 = Release|Any CPU
		{6C5DDF63-5081-46D4-9772-AA0033195076}.Debug|Any CPU.ActiveCfg = Debug|Any CPU
		{6C5DDF63-5081-46D4-9772-AA0033195076}.Debug|Any CPU.Build.0 = Debug|Any CPU
		{6C5DDF63-5081-46D4-9772-AA0033195076}.Release|Any CPU.ActiveCfg = Release|Any CPU
		{6C5DDF63-5081-46D4-9772-AA0033195076}.Release|Any CPU.Build.0 = Release|Any CPU
		{5F545A80-303E-4E5F-AAC8-21FD93D44E5E}.Debug|Any CPU.ActiveCfg = Debug|Any CPU
		{5F545A80-303E-4E5F-AAC8-21FD93D44E5E}.Debug|Any CPU.Build.0 = Debug|Any CPU
		{5F545A80-303E-4E5F-AAC8-21FD93D44E5E}.Release|Any CPU.ActiveCfg = Release|Any CPU
		{5F545A80-303E-4E5F-AAC8-21FD93D44E5E}.Release|Any CPU.Build.0 = Release|Any CPU
		{3015E51E-DC17-4FA6-B8F4-75C1524A765F}.Debug|Any CPU.ActiveCfg = Debug|Any CPU
		{3015E51E-DC17-4FA6-B8F4-75C1524A765F}.Debug|Any CPU.Build.0 = Debug|Any CPU
		{3015E51E-DC17-4FA6-B8F4-75C1524A765F}.Release|Any CPU.ActiveCfg = Release|Any CPU
		{3015E51E-DC17-4FA6-B8F4-75C1524A765F}.Release|Any CPU.Build.0 = Release|Any CPU
		{FD834A15-DBC9-4EFC-9F6B-E5A122E169D0}.Debug|Any CPU.ActiveCfg = Debug|Any CPU
		{FD834A15-DBC9-4EFC-9F6B-E5A122E169D0}.Debug|Any CPU.Build.0 = Debug|Any CPU
		{FD834A15-DBC9-4EFC-9F6B-E5A122E169D0}.Release|Any CPU.ActiveCfg = Release|Any CPU
		{FD834A15-DBC9-4EFC-9F6B-E5A122E169D0}.Release|Any CPU.Build.0 = Release|Any CPU
		{FA242DD6-71C2-4EF3-9A45-A34115527A5C}.Debug|Any CPU.ActiveCfg = Debug|Any CPU
		{FA242DD6-71C2-4EF3-9A45-A34115527A5C}.Debug|Any CPU.Build.0 = Debug|Any CPU
		{FA242DD6-71C2-4EF3-9A45-A34115527A5C}.Release|Any CPU.ActiveCfg = Release|Any CPU
		{FA242DD6-71C2-4EF3-9A45-A34115527A5C}.Release|Any CPU.Build.0 = Release|Any CPU
		{1CB560DB-758B-4877-9A5C-6D1FD2B6780B}.Debug|Any CPU.ActiveCfg = Debug|Any CPU
		{1CB560DB-758B-4877-9A5C-6D1FD2B6780B}.Debug|Any CPU.Build.0 = Debug|Any CPU
		{1CB560DB-758B-4877-9A5C-6D1FD2B6780B}.Release|Any CPU.ActiveCfg = Release|Any CPU
		{1CB560DB-758B-4877-9A5C-6D1FD2B6780B}.Release|Any CPU.Build.0 = Release|Any CPU
		{5EF9F277-73DD-443B-96CA-6ACACDA9DF41}.Debug|Any CPU.ActiveCfg = Debug|Any CPU
		{5EF9F277-73DD-443B-96CA-6ACACDA9DF41}.Debug|Any CPU.Build.0 = Debug|Any CPU
		{5EF9F277-73DD-443B-96CA-6ACACDA9DF41}.Release|Any CPU.ActiveCfg = Release|Any CPU
		{5EF9F277-73DD-443B-96CA-6ACACDA9DF41}.Release|Any CPU.Build.0 = Release|Any CPU
		{7D970FAC-564D-4024-8225-46FDB7C602F0}.Debug|Any CPU.ActiveCfg = Debug|Any CPU
		{7D970FAC-564D-4024-8225-46FDB7C602F0}.Debug|Any CPU.Build.0 = Debug|Any CPU
		{7D970FAC-564D-4024-8225-46FDB7C602F0}.Release|Any CPU.ActiveCfg = Release|Any CPU
		{7D970FAC-564D-4024-8225-46FDB7C602F0}.Release|Any CPU.Build.0 = Release|Any CPU
		{11456EC1-29AE-4E16-9C88-B55CD021A293}.Debug|Any CPU.ActiveCfg = Debug|Any CPU
		{11456EC1-29AE-4E16-9C88-B55CD021A293}.Debug|Any CPU.Build.0 = Debug|Any CPU
		{11456EC1-29AE-4E16-9C88-B55CD021A293}.Release|Any CPU.ActiveCfg = Release|Any CPU
		{11456EC1-29AE-4E16-9C88-B55CD021A293}.Release|Any CPU.Build.0 = Release|Any CPU
		{13A4B4B4-AED5-4E5E-A619-22B7668A7FC6}.Debug|Any CPU.ActiveCfg = Debug|Any CPU
		{13A4B4B4-AED5-4E5E-A619-22B7668A7FC6}.Debug|Any CPU.Build.0 = Debug|Any CPU
		{13A4B4B4-AED5-4E5E-A619-22B7668A7FC6}.Release|Any CPU.ActiveCfg = Release|Any CPU
		{13A4B4B4-AED5-4E5E-A619-22B7668A7FC6}.Release|Any CPU.Build.0 = Release|Any CPU
		{3B75C1D0-EEE9-4D7E-885C-560999D60071}.Debug|Any CPU.ActiveCfg = Debug|Any CPU
		{3B75C1D0-EEE9-4D7E-885C-560999D60071}.Debug|Any CPU.Build.0 = Debug|Any CPU
		{3B75C1D0-EEE9-4D7E-885C-560999D60071}.Release|Any CPU.ActiveCfg = Release|Any CPU
		{3B75C1D0-EEE9-4D7E-885C-560999D60071}.Release|Any CPU.Build.0 = Release|Any CPU
	EndGlobalSection
	GlobalSection(SolutionProperties) = preSolution
		HideSolutionNode = FALSE
	EndGlobalSection
	GlobalSection(NestedProjects) = preSolution
		{D954A262-C604-4CF5-A3CF-725B55486517} = {355A38D6-281F-4211-B9CF-349FFA47F488}
		{7EF4BA3A-6F38-418A-A7AF-0BC612C8E5A9} = {E465DB55-FABB-4833-A0AF-51B4181EAEB6}
		{2CD65DB9-FAA3-4864-BA99-DBAAE43350FE} = {355A38D6-281F-4211-B9CF-349FFA47F488}
		{ADB1728F-0D7A-470F-A829-C93FB02293F6} = {D954A262-C604-4CF5-A3CF-725B55486517}
		{6C5DDF63-5081-46D4-9772-AA0033195076} = {D954A262-C604-4CF5-A3CF-725B55486517}
		{5F545A80-303E-4E5F-AAC8-21FD93D44E5E} = {D954A262-C604-4CF5-A3CF-725B55486517}
		{3015E51E-DC17-4FA6-B8F4-75C1524A765F} = {D954A262-C604-4CF5-A3CF-725B55486517}
		{FD834A15-DBC9-4EFC-9F6B-E5A122E169D0} = {6E053241-4627-4E92-9A95-A356AF73AB06}
		{FA242DD6-71C2-4EF3-9A45-A34115527A5C} = {F27B9C6A-49FF-46B6-BEF5-5D94BC93C614}
		{1CB560DB-758B-4877-9A5C-6D1FD2B6780B} = {F27B9C6A-49FF-46B6-BEF5-5D94BC93C614}
		{5EF9F277-73DD-443B-96CA-6ACACDA9DF41} = {E465DB55-FABB-4833-A0AF-51B4181EAEB6}
		{7D970FAC-564D-4024-8225-46FDB7C602F0} = {6E053241-4627-4E92-9A95-A356AF73AB06}
		{11456EC1-29AE-4E16-9C88-B55CD021A293} = {1C7B3712-2E33-46F6-BB08-3F36D3BFAE1C}
		{1C7B3712-2E33-46F6-BB08-3F36D3BFAE1C} = {715F1525-5AB6-4F44-B2BC-A928B73AA373}
		{3B75C1D0-EEE9-4D7E-885C-560999D60071} = {7EF4BA3A-6F38-418A-A7AF-0BC612C8E5A9}
	EndGlobalSection
	GlobalSection(ExtensibilityGlobals) = postSolution
		SolutionGuid = {C6A2B243-BFE2-4013-999A-0063037A133B}
	EndGlobalSection
EndGlobal
