
Microsoft Visual Studio Solution File, Format Version 12.00
# Visual Studio Version 17
VisualStudioVersion = 17.11.35303.130
MinimumVisualStudioVersion = 10.0.40219.1
Project("{FAE04EC0-301F-11D3-BF4B-00C04F79EFBC}") = "FourZeroOne", "src\FourZeroOne\FourZeroOne.csproj", "{4A11C298-C12D-44C7-B10C-EF4C4965F1AC}"
EndProject
Project("{FAE04EC0-301F-11D3-BF4B-00C04F79EFBC}") = "Perfection", "src\Perfection\Perfection.csproj", "{2DFEC99E-D378-4DFD-A637-C7AAA3058CE6}"
EndProject
Project("{FAE04EC0-301F-11D3-BF4B-00C04F79EFBC}") = "DeTes", "src\DeTes\DeTes.csproj", "{6F3DF00B-58C9-4FBD-B56C-DB51D0659677}"
EndProject
Project("{FAE04EC0-301F-11D3-BF4B-00C04F79EFBC}") = "MinimaFZO", "src\Minima\MinimaFZO.csproj", "{254317C9-19B9-4C29-B6AC-D2B694C1907C}"
EndProject
Project("{FAE04EC0-301F-11D3-BF4B-00C04F79EFBC}") = "CatGlance", "src\CatGlance\CatGlance.csproj", "{63498890-B975-413B-806C-19C954549FFA}"
EndProject
Project("{FAE04EC0-301F-11D3-BF4B-00C04F79EFBC}") = "FourZeroOne.Plugins.Axiom", "src\Wania\FourZeroOne.Plugins.Axiom.csproj", "{8C19B124-03D3-4D09-B3F2-F11B246CC91D}"
EndProject
Project("{FAE04EC0-301F-11D3-BF4B-00C04F79EFBC}") = "DeTesAssertIntegrity", "src\DeTesAssertIntegrity\DeTesAssertIntegrity.csproj", "{2050F1B8-9A3F-414A-B3BC-71CE7EA8E487}"
EndProject
Project("{2150E333-8FDC-42A3-9474-1A3956D46DE8}") = "FourZeroOne", "FourZeroOne", "{E465DB55-FABB-4833-A0AF-51B4181EAEB6}"
EndProject
Project("{FAE04EC0-301F-11D3-BF4B-00C04F79EFBC}") = "Zerox", "src\Zerox\Zerox.csproj", "{D2FD8500-7819-4546-9CF2-C4AF66306EA4}"
EndProject
Project("{FAE04EC0-301F-11D3-BF4B-00C04F79EFBC}") = "SixLib.GFunc", "lib\SixLib.GFunc\SixLib.GFunc.csproj", "{71ECEF61-7E35-4260-B557-32A498AA6FB0}"
EndProject
Project("{FAE04EC0-301F-11D3-BF4B-00C04F79EFBC}") = "SixLib.ICEE", "lib\SixLib.ICEE\SixLib.ICEE.csproj", "{9F7A1E8C-FFC7-4B0E-B807-3A317FDEF286}"
EndProject
Project("{FAE04EC0-301F-11D3-BF4B-00C04F79EFBC}") = "SixLib.ICEE.FZO", "lib\SixLib.ICEE.FZO\SixLib.ICEE.FZO.csproj", "{F8107D0C-9A81-436E-BE0D-EDD19746E31C}"
EndProject
Project("{FAE04EC0-301F-11D3-BF4B-00C04F79EFBC}") = "SixLib.ControlledFlows", "lib\SixLib.ControlledFlows\SixLib.ControlledFlows.csproj", "{698FE3FC-505A-4841-A78C-0686803422FE}"
EndProject
Project("{2150E333-8FDC-42A3-9474-1A3956D46DE8}") = "SixLib", "SixLib", "{D954A262-C604-4CF5-A3CF-725B55486517}"
EndProject
Project("{2150E333-8FDC-42A3-9474-1A3956D46DE8}") = "DeTes", "DeTes", "{F27B9C6A-49FF-46B6-BEF5-5D94BC93C614}"
EndProject
Project("{2150E333-8FDC-42A3-9474-1A3956D46DE8}") = "[lib]", "[lib]", "{355A38D6-281F-4211-B9CF-349FFA47F488}"
EndProject
Project("{2150E333-8FDC-42A3-9474-1A3956D46DE8}") = "[external sim]", "[external sim]", "{6E053241-4627-4E92-9A95-A356AF73AB06}"
EndProject
Project("{2150E333-8FDC-42A3-9474-1A3956D46DE8}") = "[plugins]", "[plugins]", "{7EF4BA3A-6F38-418A-A7AF-0BC612C8E5A9}"
EndProject
Global
	GlobalSection(SolutionConfigurationPlatforms) = preSolution
		Debug|Any CPU = Debug|Any CPU
		Release|Any CPU = Release|Any CPU
	EndGlobalSection
	GlobalSection(ProjectConfigurationPlatforms) = postSolution
		{4A11C298-C12D-44C7-B10C-EF4C4965F1AC}.Debug|Any CPU.ActiveCfg = Debug|Any CPU
		{4A11C298-C12D-44C7-B10C-EF4C4965F1AC}.Debug|Any CPU.Build.0 = Debug|Any CPU
		{4A11C298-C12D-44C7-B10C-EF4C4965F1AC}.Release|Any CPU.ActiveCfg = Release|Any CPU
		{4A11C298-C12D-44C7-B10C-EF4C4965F1AC}.Release|Any CPU.Build.0 = Release|Any CPU
		{2DFEC99E-D378-4DFD-A637-C7AAA3058CE6}.Debug|Any CPU.ActiveCfg = Debug|Any CPU
		{2DFEC99E-D378-4DFD-A637-C7AAA3058CE6}.Debug|Any CPU.Build.0 = Debug|Any CPU
		{2DFEC99E-D378-4DFD-A637-C7AAA3058CE6}.Release|Any CPU.ActiveCfg = Release|Any CPU
		{2DFEC99E-D378-4DFD-A637-C7AAA3058CE6}.Release|Any CPU.Build.0 = Release|Any CPU
		{6F3DF00B-58C9-4FBD-B56C-DB51D0659677}.Debug|Any CPU.ActiveCfg = Debug|Any CPU
		{6F3DF00B-58C9-4FBD-B56C-DB51D0659677}.Debug|Any CPU.Build.0 = Debug|Any CPU
		{6F3DF00B-58C9-4FBD-B56C-DB51D0659677}.Release|Any CPU.ActiveCfg = Release|Any CPU
		{6F3DF00B-58C9-4FBD-B56C-DB51D0659677}.Release|Any CPU.Build.0 = Release|Any CPU
		{254317C9-19B9-4C29-B6AC-D2B694C1907C}.Debug|Any CPU.ActiveCfg = Debug|Any CPU
		{254317C9-19B9-4C29-B6AC-D2B694C1907C}.Debug|Any CPU.Build.0 = Debug|Any CPU
		{254317C9-19B9-4C29-B6AC-D2B694C1907C}.Release|Any CPU.ActiveCfg = Release|Any CPU
		{254317C9-19B9-4C29-B6AC-D2B694C1907C}.Release|Any CPU.Build.0 = Release|Any CPU
		{63498890-B975-413B-806C-19C954549FFA}.Debug|Any CPU.ActiveCfg = Debug|Any CPU
		{63498890-B975-413B-806C-19C954549FFA}.Debug|Any CPU.Build.0 = Debug|Any CPU
		{63498890-B975-413B-806C-19C954549FFA}.Release|Any CPU.ActiveCfg = Release|Any CPU
		{63498890-B975-413B-806C-19C954549FFA}.Release|Any CPU.Build.0 = Release|Any CPU
		{8C19B124-03D3-4D09-B3F2-F11B246CC91D}.Debug|Any CPU.ActiveCfg = Debug|Any CPU
		{8C19B124-03D3-4D09-B3F2-F11B246CC91D}.Debug|Any CPU.Build.0 = Debug|Any CPU
		{8C19B124-03D3-4D09-B3F2-F11B246CC91D}.Release|Any CPU.ActiveCfg = Release|Any CPU
		{8C19B124-03D3-4D09-B3F2-F11B246CC91D}.Release|Any CPU.Build.0 = Release|Any CPU
		{2050F1B8-9A3F-414A-B3BC-71CE7EA8E487}.Debug|Any CPU.ActiveCfg = Debug|Any CPU
		{2050F1B8-9A3F-414A-B3BC-71CE7EA8E487}.Debug|Any CPU.Build.0 = Debug|Any CPU
		{2050F1B8-9A3F-414A-B3BC-71CE7EA8E487}.Release|Any CPU.ActiveCfg = Release|Any CPU
		{2050F1B8-9A3F-414A-B3BC-71CE7EA8E487}.Release|Any CPU.Build.0 = Release|Any CPU
		{D2FD8500-7819-4546-9CF2-C4AF66306EA4}.Debug|Any CPU.ActiveCfg = Debug|Any CPU
		{D2FD8500-7819-4546-9CF2-C4AF66306EA4}.Debug|Any CPU.Build.0 = Debug|Any CPU
		{D2FD8500-7819-4546-9CF2-C4AF66306EA4}.Release|Any CPU.ActiveCfg = Release|Any CPU
		{D2FD8500-7819-4546-9CF2-C4AF66306EA4}.Release|Any CPU.Build.0 = Release|Any CPU
		{71ECEF61-7E35-4260-B557-32A498AA6FB0}.Debug|Any CPU.ActiveCfg = Debug|Any CPU
		{71ECEF61-7E35-4260-B557-32A498AA6FB0}.Debug|Any CPU.Build.0 = Debug|Any CPU
		{71ECEF61-7E35-4260-B557-32A498AA6FB0}.Release|Any CPU.ActiveCfg = Release|Any CPU
		{71ECEF61-7E35-4260-B557-32A498AA6FB0}.Release|Any CPU.Build.0 = Release|Any CPU
		{9F7A1E8C-FFC7-4B0E-B807-3A317FDEF286}.Debug|Any CPU.ActiveCfg = Debug|Any CPU
		{9F7A1E8C-FFC7-4B0E-B807-3A317FDEF286}.Debug|Any CPU.Build.0 = Debug|Any CPU
		{9F7A1E8C-FFC7-4B0E-B807-3A317FDEF286}.Release|Any CPU.ActiveCfg = Release|Any CPU
		{9F7A1E8C-FFC7-4B0E-B807-3A317FDEF286}.Release|Any CPU.Build.0 = Release|Any CPU
		{F8107D0C-9A81-436E-BE0D-EDD19746E31C}.Debug|Any CPU.ActiveCfg = Debug|Any CPU
		{F8107D0C-9A81-436E-BE0D-EDD19746E31C}.Debug|Any CPU.Build.0 = Debug|Any CPU
		{F8107D0C-9A81-436E-BE0D-EDD19746E31C}.Release|Any CPU.ActiveCfg = Release|Any CPU
		{F8107D0C-9A81-436E-BE0D-EDD19746E31C}.Release|Any CPU.Build.0 = Release|Any CPU
		{698FE3FC-505A-4841-A78C-0686803422FE}.Debug|Any CPU.ActiveCfg = Debug|Any CPU
		{698FE3FC-505A-4841-A78C-0686803422FE}.Debug|Any CPU.Build.0 = Debug|Any CPU
		{698FE3FC-505A-4841-A78C-0686803422FE}.Release|Any CPU.ActiveCfg = Release|Any CPU
		{698FE3FC-505A-4841-A78C-0686803422FE}.Release|Any CPU.Build.0 = Release|Any CPU
	EndGlobalSection
	GlobalSection(SolutionProperties) = preSolution
		HideSolutionNode = FALSE
	EndGlobalSection
	GlobalSection(NestedProjects) = preSolution
		{4A11C298-C12D-44C7-B10C-EF4C4965F1AC} = {E465DB55-FABB-4833-A0AF-51B4181EAEB6}
		{2DFEC99E-D378-4DFD-A637-C7AAA3058CE6} = {355A38D6-281F-4211-B9CF-349FFA47F488}
		{6F3DF00B-58C9-4FBD-B56C-DB51D0659677} = {F27B9C6A-49FF-46B6-BEF5-5D94BC93C614}
		{254317C9-19B9-4C29-B6AC-D2B694C1907C} = {6E053241-4627-4E92-9A95-A356AF73AB06}
		{63498890-B975-413B-806C-19C954549FFA} = {6E053241-4627-4E92-9A95-A356AF73AB06}
		{8C19B124-03D3-4D09-B3F2-F11B246CC91D} = {7EF4BA3A-6F38-418A-A7AF-0BC612C8E5A9}
		{2050F1B8-9A3F-414A-B3BC-71CE7EA8E487} = {F27B9C6A-49FF-46B6-BEF5-5D94BC93C614}
		{71ECEF61-7E35-4260-B557-32A498AA6FB0} = {D954A262-C604-4CF5-A3CF-725B55486517}
		{9F7A1E8C-FFC7-4B0E-B807-3A317FDEF286} = {D954A262-C604-4CF5-A3CF-725B55486517}
		{F8107D0C-9A81-436E-BE0D-EDD19746E31C} = {D954A262-C604-4CF5-A3CF-725B55486517}
		{698FE3FC-505A-4841-A78C-0686803422FE} = {D954A262-C604-4CF5-A3CF-725B55486517}
		{D954A262-C604-4CF5-A3CF-725B55486517} = {355A38D6-281F-4211-B9CF-349FFA47F488}
		{7EF4BA3A-6F38-418A-A7AF-0BC612C8E5A9} = {E465DB55-FABB-4833-A0AF-51B4181EAEB6}
	EndGlobalSection
	GlobalSection(ExtensibilityGlobals) = postSolution
		SolutionGuid = {C6A2B243-BFE2-4013-999A-0063037A133B}
	EndGlobalSection
EndGlobal
